<?xml version="1.0" encoding="utf-8"?>
<Project ToolsVersion="4.0" xmlns="http://schemas.microsoft.com/developer/msbuild/2003">
  <ItemGroup>
    <Filter Include="ソース ファイル">
      <UniqueIdentifier>{4FC737F1-C7A5-4376-A066-2A32D752A2FF}</UniqueIdentifier>
      <Extensions>cpp;c;cc;cxx;c++;cppm;ixx;def;odl;idl;hpj;bat;asm;asmx</Extensions>
    </Filter>
    <Filter Include="ヘッダー ファイル">
      <UniqueIdentifier>{93995380-89BD-4b04-88EB-625FBE52EBFB}</UniqueIdentifier>
      <Extensions>h;hh;hpp;hxx;h++;hm;inl;inc;ipp;xsd</Extensions>
    </Filter>
    <Filter Include="リソース ファイル">
      <UniqueIdentifier>{67DA6AB6-F800-4c08-8B7A-83BB121AAD01}</UniqueIdentifier>
      <Extensions>rc;ico;cur;bmp;dlg;rc2;rct;bin;rgs;gif;jpg;jpeg;jpe;resx;tiff;tif;png;wav;mfcribbon-ms</Extensions>
    </Filter>
    <Filter Include="ヘッダー ファイル\App">
      <UniqueIdentifier>{1f13325b-217d-402f-8695-4d43e55a4f6b}</UniqueIdentifier>
    </Filter>
    <Filter Include="ソース ファイル\App">
      <UniqueIdentifier>{b4593ff9-bd1c-46b3-92ca-17d04274a9a3}</UniqueIdentifier>
    </Filter>
    <Filter Include="ヘッダー ファイル\DirectX12">
      <UniqueIdentifier>{6e654f0f-aae3-402e-bde6-3a7b82839167}</UniqueIdentifier>
    </Filter>
    <Filter Include="ソース ファイル\DirectX12">
      <UniqueIdentifier>{b394e570-934a-46b1-a8f9-4be16af2b75c}</UniqueIdentifier>
    </Filter>
    <Filter Include="ヘッダー ファイル\Screen">
      <UniqueIdentifier>{f6da7e2d-96e6-493c-8065-46b50e6c0063}</UniqueIdentifier>
    </Filter>
    <Filter Include="ソース ファイル\Screen">
      <UniqueIdentifier>{83ddeb38-6864-4458-8a4a-e1d221d72e71}</UniqueIdentifier>
    </Filter>
  </ItemGroup>
  <ItemGroup>
    <ClInclude Include="Src\App\CApp.h">
      <Filter>ヘッダー ファイル\App</Filter>
    </ClInclude>
    <ClInclude Include="Src\Screen\ScreenInGame.h">
      <Filter>ヘッダー ファイル\Screen</Filter>
    </ClInclude>
    <ClInclude Include="Src\Screen\ScreenResult.h">
      <Filter>ヘッダー ファイル\Screen</Filter>
    </ClInclude>
    <ClInclude Include="Src\Screen\ScreenBase.h">
      <Filter>ヘッダー ファイル\Screen</Filter>
    </ClInclude>
    <ClInclude Include="Src\Screen\ScreenTitle.h">
      <Filter>ヘッダー ファイル\Screen</Filter>
    </ClInclude>
    <ClInclude Include="Src\Screen\ScreenManager.h">
      <Filter>ヘッダー ファイル\Screen</Filter>
    </ClInclude>
  </ItemGroup>
  <ItemGroup>
    <ClCompile Include="Src\App\CApp.cpp">
      <Filter>ソース ファイル\App</Filter>
    </ClCompile>
    <ClCompile Include="Src\App\Main.cpp">
      <Filter>ソース ファイル\App</Filter>
    </ClCompile>
    <ClCompile Include="Src\Screen\ScreenManager.cpp">
      <Filter>ソース ファイル\Screen</Filter>
    </ClCompile>
    <ClCompile Include="Src\Screen\ScreenTitle.cpp">
      <Filter>ソース ファイル\Screen</Filter>
    </ClCompile>
    <ClCompile Include="Src\Screen\ScreenInGame.cpp">
      <Filter>ソース ファイル\Screen</Filter>
    </ClCompile>
    <ClCompile Include="Src\Screen\ScreenResult.cpp">
      <Filter>ソース ファイル\Screen</Filter>
    </ClCompile>
  </ItemGroup>
</Project>